
Microsoft Visual Studio Solution File, Format Version 12.00
# Visual Studio Version 16
VisualStudioVersion = 16.0.29215.179
MinimumVisualStudioVersion = 10.0.40219.1
Project("{FAE04EC0-301F-11D3-BF4B-00C04F79EFBC}") = "WOWAutoFishing", "WOWAutoFishing\WOWAutoFishing.csproj", "{40C385F2-C4E7-49E6-B0EB-C84A4A11FBCD}"
EndProject
Global
	GlobalSection(SolutionConfigurationPlatforms) = preSolution
		Debug|Any CPU = Debug|Any CPU
		Release|Any CPU = Release|Any CPU
	EndGlobalSection
	GlobalSection(ProjectConfigurationPlatforms) = postSolution
		{40C385F2-C4E7-49E6-B0EB-C84A4A11FBCD}.Debug|Any CPU.ActiveCfg = Debug|Any CPU
		{40C385F2-C4E7-49E6-B0EB-C84A4A11FBCD}.Debug|Any CPU.Build.0 = Debug|Any CPU
		{40C385F2-C4E7-49E6-B0EB-C84A4A11FBCD}.Release|Any CPU.ActiveCfg = Release|Any CPU
		{40C385F2-C4E7-49E6-B0EB-C84A4A11FBCD}.Release|Any CPU.Build.0 = Release|Any CPU
	EndGlobalSection
	GlobalSection(SolutionProperties) = preSolution
		HideSolutionNode = FALSE
	EndGlobalSection
	GlobalSection(ExtensibilityGlobals) = postSolution
		SolutionGuid = {D1403AA5-039D-4545-BCBA-D4D55D654AEA}
	EndGlobalSection
EndGlobal
